// !$*UTF8*$!
{
	archiveVersion = 1;
	classes = {
	};
	objectVersion = 50;
	objects = {

/* Begin PBXBuildFile section */
		328A670E2284F050009C9C1D /* ContainerType.swift in Sources */ = {isa = PBXBuildFile; fileRef = 328A670D2284F050009C9C1D /* ContainerType.swift */; };
		32C39A09227A3092001DA20E /* DropBear.framework in Frameworks */ = {isa = PBXBuildFile; fileRef = 32C399FF227A3092001DA20E /* DropBear.framework */; };
		32C39A0E227A3092001DA20E /* DropBearTests.swift in Sources */ = {isa = PBXBuildFile; fileRef = 32C39A0D227A3092001DA20E /* DropBearTests.swift */; };
		32C39A10227A3092001DA20E /* DropBear.h in Headers */ = {isa = PBXBuildFile; fileRef = 32C39A02227A3092001DA20E /* DropBear.h */; settings = {ATTRIBUTES = (Public, ); }; };
		32C39A61227A4C51001DA20E /* DropBearSupport.framework in Frameworks */ = {isa = PBXBuildFile; fileRef = 32C39A60227A4C51001DA20E /* DropBearSupport.framework */; };
		32C39A66227A4CE5001DA20E /* XCUIApplication+Element.swift in Sources */ = {isa = PBXBuildFile; fileRef = 32C39A65227A4CE5001DA20E /* XCUIApplication+Element.swift */; };
		32C39B8F227BA2BB001DA20E /* Robot.swift in Sources */ = {isa = PBXBuildFile; fileRef = 32C39B8E227BA2BB001DA20E /* Robot.swift */; };
		32C39B92227BA538001DA20E /* AccessibleRobot.swift in Sources */ = {isa = PBXBuildFile; fileRef = 32C39B91227BA538001DA20E /* AccessibleRobot.swift */; };
		32C39B94227BAFD9001DA20E /* XCUIElement+Assert.swift in Sources */ = {isa = PBXBuildFile; fileRef = 32C39B93227BAFD9001DA20E /* XCUIElement+Assert.swift */; };
		32C39B96227BB159001DA20E /* XCUIElement+Optional.swift in Sources */ = {isa = PBXBuildFile; fileRef = 32C39B95227BB159001DA20E /* XCUIElement+Optional.swift */; };
		32C39B99227BB30F001DA20E /* ElementAssertion.swift in Sources */ = {isa = PBXBuildFile; fileRef = 32C39B98227BB30F001DA20E /* ElementAssertion.swift */; };
		32C39B9B227BB38F001DA20E /* DropBear.swift in Sources */ = {isa = PBXBuildFile; fileRef = 32C39B9A227BB38F001DA20E /* DropBear.swift */; };
		32C39BA4227BBD07001DA20E /* ElementAssertion+Exists.swift in Sources */ = {isa = PBXBuildFile; fileRef = 32C39BA3227BBD07001DA20E /* ElementAssertion+Exists.swift */; };
		32C39BA6227BBE0B001DA20E /* XCUIApplication+Configuration.swift in Sources */ = {isa = PBXBuildFile; fileRef = 32C39BA5227BBE0B001DA20E /* XCUIApplication+Configuration.swift */; };
		32C39BAE227BC46F001DA20E /* LaunchingRobot.swift in Sources */ = {isa = PBXBuildFile; fileRef = 32C39BA8227BC278001DA20E /* LaunchingRobot.swift */; };
		32C39BB0227BC7A0001DA20E /* RunningRobot.swift in Sources */ = {isa = PBXBuildFile; fileRef = 32C39BAF227BC7A0001DA20E /* RunningRobot.swift */; };
		32C39BB2227BCCBB001DA20E /* UITest.swift in Sources */ = {isa = PBXBuildFile; fileRef = 32C39BB1227BCCBB001DA20E /* UITest.swift */; };
		32C39BB4227BCE0A001DA20E /* AccessibleRobot+Assert.swift in Sources */ = {isa = PBXBuildFile; fileRef = 32C39BB3227BCE0A001DA20E /* AccessibleRobot+Assert.swift */; };
		32C39BB6227BD5EB001DA20E /* Robot+Assert.swift in Sources */ = {isa = PBXBuildFile; fileRef = 32C39BB5227BD5EB001DA20E /* Robot+Assert.swift */; };
		32C39BB8227BDA77001DA20E /* ElementAssertion+Enabled.swift in Sources */ = {isa = PBXBuildFile; fileRef = 32C39BB7227BDA77001DA20E /* ElementAssertion+Enabled.swift */; };
		32C39BBA227BDA8C001DA20E /* ElementAssertion+Equal.swift in Sources */ = {isa = PBXBuildFile; fileRef = 32C39BB9227BDA8C001DA20E /* ElementAssertion+Equal.swift */; };
		32C39BBC227BDAA2001DA20E /* ElementAssertion+Empty.swift in Sources */ = {isa = PBXBuildFile; fileRef = 32C39BBB227BDAA2001DA20E /* ElementAssertion+Empty.swift */; };
		32C39BBE227CB48B001DA20E /* Robot+Actions.swift in Sources */ = {isa = PBXBuildFile; fileRef = 32C39BBD227CB48B001DA20E /* Robot+Actions.swift */; };
		32C39BC0227CB7BC001DA20E /* XCUIElement+ClearText.swift in Sources */ = {isa = PBXBuildFile; fileRef = 32C39BBF227CB7BC001DA20E /* XCUIElement+ClearText.swift */; };
		32C39BC2227CD36D001DA20E /* AccessibleRobot+Actions.swift in Sources */ = {isa = PBXBuildFile; fileRef = 32C39BC1227CD36D001DA20E /* AccessibleRobot+Actions.swift */; };
		32C39BCA227CE0DE001DA20E /* ElementSet.swift in Sources */ = {isa = PBXBuildFile; fileRef = 32C39BC9227CE0DE001DA20E /* ElementSet.swift */; };
		32C39BCD227D290D001DA20E /* Springboard.swift in Sources */ = {isa = PBXBuildFile; fileRef = 32C39BCC227D290D001DA20E /* Springboard.swift */; };
		32C39BCF227DF957001DA20E /* ElementAssertion+Contains.swift in Sources */ = {isa = PBXBuildFile; fileRef = 32C39BCE227DF957001DA20E /* ElementAssertion+Contains.swift */; };
		32C39BD2227E0386001DA20E /* AlertRobot.swift in Sources */ = {isa = PBXBuildFile; fileRef = 32C39BD1227E0386001DA20E /* AlertRobot.swift */; };
		32C39BD4227E039B001DA20E /* Alert.swift in Sources */ = {isa = PBXBuildFile; fileRef = 32C39BD3227E039B001DA20E /* Alert.swift */; };
		32C39BD6227E03C8001DA20E /* Alert+Presets.swift in Sources */ = {isa = PBXBuildFile; fileRef = 32C39BD5227E03C8001DA20E /* Alert+Presets.swift */; };
		32C39BD92280A3C1001DA20E /* XCUIElement+Values.swift in Sources */ = {isa = PBXBuildFile; fileRef = 32C39BD82280A3C1001DA20E /* XCUIElement+Values.swift */; };
		32C39BEA2282414A001DA20E /* TabBarControllerRobot.swift in Sources */ = {isa = PBXBuildFile; fileRef = 32C39BE92282414A001DA20E /* TabBarControllerRobot.swift */; };
		32C39BEE22824A8D001DA20E /* CellContainerRobot.swift in Sources */ = {isa = PBXBuildFile; fileRef = 32C39BED22824A8D001DA20E /* CellContainerRobot.swift */; };
		B5AE80822285DBE10098CF95 /* main.swift in Sources */ = {isa = PBXBuildFile; fileRef = B5AE80812285DBE10098CF95 /* main.swift */; };
		B5AE80982285DC210098CF95 /* Parser.swift in Sources */ = {isa = PBXBuildFile; fileRef = B5AE80862285DC210098CF95 /* Parser.swift */; };
		B5AE80992285DC210098CF95 /* Generator.swift in Sources */ = {isa = PBXBuildFile; fileRef = B5AE80872285DC210098CF95 /* Generator.swift */; };
		B5AE809A2285DC210098CF95 /* PathKit.swift in Sources */ = {isa = PBXBuildFile; fileRef = B5AE80892285DC210098CF95 /* PathKit.swift */; };
		B5AE809B2285DC210098CF95 /* libxmlHTMLNode.swift in Sources */ = {isa = PBXBuildFile; fileRef = B5AE808B2285DC210098CF95 /* libxmlHTMLNode.swift */; };
		B5AE809C2285DC210098CF95 /* CSS.swift in Sources */ = {isa = PBXBuildFile; fileRef = B5AE808C2285DC210098CF95 /* CSS.swift */; };
		B5AE809D2285DC210098CF95 /* libxmlHTMLDocument.swift in Sources */ = {isa = PBXBuildFile; fileRef = B5AE808D2285DC210098CF95 /* libxmlHTMLDocument.swift */; };
		B5AE809E2285DC210098CF95 /* libxmlParserOption.swift in Sources */ = {isa = PBXBuildFile; fileRef = B5AE808E2285DC210098CF95 /* libxmlParserOption.swift */; };
		B5AE809F2285DC210098CF95 /* Kanna.swift in Sources */ = {isa = PBXBuildFile; fileRef = B5AE80922285DC210098CF95 /* Kanna.swift */; };
		B5AE80A02285DC210098CF95 /* Kanna+Extensions.swift in Sources */ = {isa = PBXBuildFile; fileRef = B5AE80942285DC210098CF95 /* Kanna+Extensions.swift */; };
		B5AE80A12285DC210098CF95 /* Array+Extensions.swift in Sources */ = {isa = PBXBuildFile; fileRef = B5AE80952285DC210098CF95 /* Array+Extensions.swift */; };
		B5AE80A22285DC210098CF95 /* String+Extensions.swift in Sources */ = {isa = PBXBuildFile; fileRef = B5AE80962285DC210098CF95 /* String+Extensions.swift */; };
		B5AE80A32285DC210098CF95 /* Dictionary+Extensions.swift in Sources */ = {isa = PBXBuildFile; fileRef = B5AE80972285DC210098CF95 /* Dictionary+Extensions.swift */; };
		B5AE80AB2285DE6E0098CF95 /* AppDelegate.swift in Sources */ = {isa = PBXBuildFile; fileRef = B5AE80AA2285DE6E0098CF95 /* AppDelegate.swift */; };
		B5AE80B22285DE6E0098CF95 /* Assets.xcassets in Resources */ = {isa = PBXBuildFile; fileRef = B5AE80B12285DE6E0098CF95 /* Assets.xcassets */; };
		B5AE80B52285DE6E0098CF95 /* LaunchScreen.storyboard in Resources */ = {isa = PBXBuildFile; fileRef = B5AE80B32285DE6E0098CF95 /* LaunchScreen.storyboard */; };
		B5AE80CB2285DEB50098CF95 /* main.swift in Sources */ = {isa = PBXBuildFile; fileRef = B5AE80C92285DEB40098CF95 /* main.swift */; };
		B5AE80CC2285DEB50098CF95 /* UITestAppDelegate.swift in Sources */ = {isa = PBXBuildFile; fileRef = B5AE80CA2285DEB50098CF95 /* UITestAppDelegate.swift */; };
		B5AE80D92285DEFE0098CF95 /* TableViewCell.swift in Sources */ = {isa = PBXBuildFile; fileRef = B5AE80CF2285DEFD0098CF95 /* TableViewCell.swift */; };
		B5AE80DA2285DEFE0098CF95 /* TableViewCell.xib in Resources */ = {isa = PBXBuildFile; fileRef = B5AE80D02285DEFD0098CF95 /* TableViewCell.xib */; };
		B5AE80DB2285DEFE0098CF95 /* TableViewController.swift in Sources */ = {isa = PBXBuildFile; fileRef = B5AE80D12285DEFD0098CF95 /* TableViewController.swift */; };
		B5AE80DC2285DEFE0098CF95 /* ScrollableStackViewController.xib in Resources */ = {isa = PBXBuildFile; fileRef = B5AE80D32285DEFD0098CF95 /* ScrollableStackViewController.xib */; };
		B5AE80DD2285DEFE0098CF95 /* ScrollableStackViewController.swift in Sources */ = {isa = PBXBuildFile; fileRef = B5AE80D42285DEFD0098CF95 /* ScrollableStackViewController.swift */; };
		B5AE80DE2285DEFE0098CF95 /* Tab2ViewController.swift in Sources */ = {isa = PBXBuildFile; fileRef = B5AE80D62285DEFD0098CF95 /* Tab2ViewController.swift */; };
		B5AE80DF2285DEFE0098CF95 /* Tab1ViewController.swift in Sources */ = {isa = PBXBuildFile; fileRef = B5AE80D72285DEFD0098CF95 /* Tab1ViewController.swift */; };
		B5AE80E02285DEFE0098CF95 /* TabBarController.storyboard in Resources */ = {isa = PBXBuildFile; fileRef = B5AE80D82285DEFD0098CF95 /* TabBarController.storyboard */; };
		B5AE80E92285DF500098CF95 /* Tests.swift in Sources */ = {isa = PBXBuildFile; fileRef = B5AE80E12285DF500098CF95 /* Tests.swift */; };
		B5AE80EA2285DF500098CF95 /* AccessibilityIdentifiers.swift in Sources */ = {isa = PBXBuildFile; fileRef = B5AE80E32285DF500098CF95 /* AccessibilityIdentifiers.swift */; };
		B5AE80EB2285DF500098CF95 /* ScrollableStackRobot.swift in Sources */ = {isa = PBXBuildFile; fileRef = B5AE80E52285DF500098CF95 /* ScrollableStackRobot.swift */; };
		B5AE80EC2285DF500098CF95 /* TableViewRobot.swift in Sources */ = {isa = PBXBuildFile; fileRef = B5AE80E62285DF500098CF95 /* TableViewRobot.swift */; };
		B5AE80ED2285DF500098CF95 /* TabRobots.swift in Sources */ = {isa = PBXBuildFile; fileRef = B5AE80E72285DF500098CF95 /* TabRobots.swift */; };
		B5AE80EE2285DF500098CF95 /* UITestConfig.swift in Sources */ = {isa = PBXBuildFile; fileRef = B5AE80E82285DF500098CF95 /* UITestConfig.swift */; };
		B5AE80FD2285DF990098CF95 /* DropBearSupport.framework in Frameworks */ = {isa = PBXBuildFile; fileRef = B5AE80F42285DF990098CF95 /* DropBearSupport.framework */; };
		B5AE81022285DF990098CF95 /* DropBearSupportTests.swift in Sources */ = {isa = PBXBuildFile; fileRef = B5AE81012285DF990098CF95 /* DropBearSupportTests.swift */; };
		B5AE81042285DF990098CF95 /* DropBearSupport.h in Headers */ = {isa = PBXBuildFile; fileRef = B5AE80F62285DF990098CF95 /* DropBearSupport.h */; settings = {ATTRIBUTES = (Public, ); }; };
		B5AE810C2285DFB80098CF95 /* DropBearSupport.swift in Sources */ = {isa = PBXBuildFile; fileRef = B5AE810B2285DFB80098CF95 /* DropBearSupport.swift */; };
		B5AE810F2285E0560098CF95 /* DropBear.framework in Frameworks */ = {isa = PBXBuildFile; fileRef = 32C399FF227A3092001DA20E /* DropBear.framework */; };
		B5AE81102285E0560098CF95 /* DropBearSupport.framework in Frameworks */ = {isa = PBXBuildFile; fileRef = B5AE80F42285DF990098CF95 /* DropBearSupport.framework */; };
		B5AE81132285E29D0098CF95 /* DropBearSupport.framework in [MSTRD] Copy Frameworks */ = {isa = PBXBuildFile; fileRef = B5AE80F42285DF990098CF95 /* DropBearSupport.framework */; settings = {ATTRIBUTES = (CodeSignOnCopy, RemoveHeadersOnCopy, ); }; };
/* End PBXBuildFile section */

/* Begin PBXContainerItemProxy section */
		32C39A0A227A3092001DA20E /* PBXContainerItemProxy */ = {
			isa = PBXContainerItemProxy;
			containerPortal = 32C399F6227A3092001DA20E /* Project object */;
			proxyType = 1;
			remoteGlobalIDString = 32C399FE227A3092001DA20E;
			remoteInfo = DropBear;
		};
		B5AE80BC2285DE6F0098CF95 /* PBXContainerItemProxy */ = {
			isa = PBXContainerItemProxy;
			containerPortal = 32C399F6227A3092001DA20E /* Project object */;
			proxyType = 1;
			remoteGlobalIDString = B5AE80A72285DE6E0098CF95;
			remoteInfo = DropBearApp;
		};
		B5AE80FE2285DF990098CF95 /* PBXContainerItemProxy */ = {
			isa = PBXContainerItemProxy;
			containerPortal = 32C399F6227A3092001DA20E /* Project object */;
			proxyType = 1;
			remoteGlobalIDString = B5AE80F32285DF990098CF95;
			remoteInfo = DropBearSupport;
		};
		B5AE810D2285DFC40098CF95 /* PBXContainerItemProxy */ = {
			isa = PBXContainerItemProxy;
			containerPortal = 32C399F6227A3092001DA20E /* Project object */;
			proxyType = 1;
			remoteGlobalIDString = B5AE80F32285DF990098CF95;
			remoteInfo = DropBearSupport;
		};
/* End PBXContainerItemProxy section */

/* Begin PBXCopyFilesBuildPhase section */
		B5AE807D2285DBE10098CF95 /* CopyFiles */ = {
			isa = PBXCopyFilesBuildPhase;
			buildActionMask = 2147483647;
			dstPath = /usr/share/man/man1/;
			dstSubfolderSpec = 0;
			files = (
			);
			runOnlyForDeploymentPostprocessing = 1;
		};
		B5AE81122285E2820098CF95 /* [MSTRD] Copy Frameworks */ = {
			isa = PBXCopyFilesBuildPhase;
			buildActionMask = 2147483647;
			dstPath = "";
			dstSubfolderSpec = 10;
			files = (
				B5AE81132285E29D0098CF95 /* DropBearSupport.framework in [MSTRD] Copy Frameworks */,
			);
			name = "[MSTRD] Copy Frameworks";
			runOnlyForDeploymentPostprocessing = 0;
		};
/* End PBXCopyFilesBuildPhase section */

/* Begin PBXFileReference section */
		328A670D2284F050009C9C1D /* ContainerType.swift */ = {isa = PBXFileReference; lastKnownFileType = sourcecode.swift; path = ContainerType.swift; sourceTree = "<group>"; };
		32C399FF227A3092001DA20E /* DropBear.framework */ = {isa = PBXFileReference; explicitFileType = wrapper.framework; includeInIndex = 0; path = DropBear.framework; sourceTree = BUILT_PRODUCTS_DIR; };
		32C39A02227A3092001DA20E /* DropBear.h */ = {isa = PBXFileReference; lastKnownFileType = sourcecode.c.h; path = DropBear.h; sourceTree = "<group>"; };
		32C39A03227A3092001DA20E /* Info.plist */ = {isa = PBXFileReference; lastKnownFileType = text.plist.xml; path = Info.plist; sourceTree = "<group>"; };
		32C39A08227A3092001DA20E /* DropBearTests.xctest */ = {isa = PBXFileReference; explicitFileType = wrapper.cfbundle; includeInIndex = 0; path = DropBearTests.xctest; sourceTree = BUILT_PRODUCTS_DIR; };
		32C39A0D227A3092001DA20E /* DropBearTests.swift */ = {isa = PBXFileReference; lastKnownFileType = sourcecode.swift; path = DropBearTests.swift; sourceTree = "<group>"; };
		32C39A0F227A3092001DA20E /* Info.plist */ = {isa = PBXFileReference; lastKnownFileType = text.plist.xml; path = Info.plist; sourceTree = "<group>"; };
		32C39A60227A4C51001DA20E /* DropBearSupport.framework */ = {isa = PBXFileReference; explicitFileType = wrapper.framework; path = DropBearSupport.framework; sourceTree = BUILT_PRODUCTS_DIR; };
		32C39A65227A4CE5001DA20E /* XCUIApplication+Element.swift */ = {isa = PBXFileReference; lastKnownFileType = sourcecode.swift; path = "XCUIApplication+Element.swift"; sourceTree = "<group>"; };
		32C39B8E227BA2BB001DA20E /* Robot.swift */ = {isa = PBXFileReference; lastKnownFileType = sourcecode.swift; path = Robot.swift; sourceTree = "<group>"; };
		32C39B91227BA538001DA20E /* AccessibleRobot.swift */ = {isa = PBXFileReference; lastKnownFileType = sourcecode.swift; path = AccessibleRobot.swift; sourceTree = "<group>"; };
		32C39B93227BAFD9001DA20E /* XCUIElement+Assert.swift */ = {isa = PBXFileReference; lastKnownFileType = sourcecode.swift; path = "XCUIElement+Assert.swift"; sourceTree = "<group>"; };
		32C39B95227BB159001DA20E /* XCUIElement+Optional.swift */ = {isa = PBXFileReference; lastKnownFileType = sourcecode.swift; path = "XCUIElement+Optional.swift"; sourceTree = "<group>"; };
		32C39B98227BB30F001DA20E /* ElementAssertion.swift */ = {isa = PBXFileReference; lastKnownFileType = sourcecode.swift; path = ElementAssertion.swift; sourceTree = "<group>"; };
		32C39B9A227BB38F001DA20E /* DropBear.swift */ = {isa = PBXFileReference; lastKnownFileType = sourcecode.swift; path = DropBear.swift; sourceTree = "<group>"; };
		32C39BA3227BBD07001DA20E /* ElementAssertion+Exists.swift */ = {isa = PBXFileReference; lastKnownFileType = sourcecode.swift; path = "ElementAssertion+Exists.swift"; sourceTree = "<group>"; };
		32C39BA5227BBE0B001DA20E /* XCUIApplication+Configuration.swift */ = {isa = PBXFileReference; lastKnownFileType = sourcecode.swift; path = "XCUIApplication+Configuration.swift"; sourceTree = "<group>"; };
		32C39BA8227BC278001DA20E /* LaunchingRobot.swift */ = {isa = PBXFileReference; lastKnownFileType = sourcecode.swift; path = LaunchingRobot.swift; sourceTree = "<group>"; };
		32C39BAF227BC7A0001DA20E /* RunningRobot.swift */ = {isa = PBXFileReference; lastKnownFileType = sourcecode.swift; path = RunningRobot.swift; sourceTree = "<group>"; };
		32C39BB1227BCCBB001DA20E /* UITest.swift */ = {isa = PBXFileReference; lastKnownFileType = sourcecode.swift; path = UITest.swift; sourceTree = "<group>"; };
		32C39BB3227BCE0A001DA20E /* AccessibleRobot+Assert.swift */ = {isa = PBXFileReference; lastKnownFileType = sourcecode.swift; path = "AccessibleRobot+Assert.swift"; sourceTree = "<group>"; };
		32C39BB5227BD5EB001DA20E /* Robot+Assert.swift */ = {isa = PBXFileReference; lastKnownFileType = sourcecode.swift; path = "Robot+Assert.swift"; sourceTree = "<group>"; };
		32C39BB7227BDA77001DA20E /* ElementAssertion+Enabled.swift */ = {isa = PBXFileReference; lastKnownFileType = sourcecode.swift; path = "ElementAssertion+Enabled.swift"; sourceTree = "<group>"; };
		32C39BB9227BDA8C001DA20E /* ElementAssertion+Equal.swift */ = {isa = PBXFileReference; lastKnownFileType = sourcecode.swift; path = "ElementAssertion+Equal.swift"; sourceTree = "<group>"; };
		32C39BBB227BDAA2001DA20E /* ElementAssertion+Empty.swift */ = {isa = PBXFileReference; lastKnownFileType = sourcecode.swift; path = "ElementAssertion+Empty.swift"; sourceTree = "<group>"; };
		32C39BBD227CB48B001DA20E /* Robot+Actions.swift */ = {isa = PBXFileReference; lastKnownFileType = sourcecode.swift; path = "Robot+Actions.swift"; sourceTree = "<group>"; };
		32C39BBF227CB7BC001DA20E /* XCUIElement+ClearText.swift */ = {isa = PBXFileReference; lastKnownFileType = sourcecode.swift; path = "XCUIElement+ClearText.swift"; sourceTree = "<group>"; };
		32C39BC1227CD36D001DA20E /* AccessibleRobot+Actions.swift */ = {isa = PBXFileReference; lastKnownFileType = sourcecode.swift; path = "AccessibleRobot+Actions.swift"; sourceTree = "<group>"; };
		32C39BC9227CE0DE001DA20E /* ElementSet.swift */ = {isa = PBXFileReference; lastKnownFileType = sourcecode.swift; path = ElementSet.swift; sourceTree = "<group>"; };
		32C39BCC227D290D001DA20E /* Springboard.swift */ = {isa = PBXFileReference; lastKnownFileType = sourcecode.swift; path = Springboard.swift; sourceTree = "<group>"; };
		32C39BCE227DF957001DA20E /* ElementAssertion+Contains.swift */ = {isa = PBXFileReference; lastKnownFileType = sourcecode.swift; path = "ElementAssertion+Contains.swift"; sourceTree = "<group>"; };
		32C39BD1227E0386001DA20E /* AlertRobot.swift */ = {isa = PBXFileReference; lastKnownFileType = sourcecode.swift; path = AlertRobot.swift; sourceTree = "<group>"; };
		32C39BD3227E039B001DA20E /* Alert.swift */ = {isa = PBXFileReference; lastKnownFileType = sourcecode.swift; path = Alert.swift; sourceTree = "<group>"; };
		32C39BD5227E03C8001DA20E /* Alert+Presets.swift */ = {isa = PBXFileReference; lastKnownFileType = sourcecode.swift; path = "Alert+Presets.swift"; sourceTree = "<group>"; };
		32C39BD82280A3C1001DA20E /* XCUIElement+Values.swift */ = {isa = PBXFileReference; lastKnownFileType = sourcecode.swift; path = "XCUIElement+Values.swift"; sourceTree = "<group>"; };
		32C39BE92282414A001DA20E /* TabBarControllerRobot.swift */ = {isa = PBXFileReference; lastKnownFileType = sourcecode.swift; path = TabBarControllerRobot.swift; sourceTree = "<group>"; };
		32C39BED22824A8D001DA20E /* CellContainerRobot.swift */ = {isa = PBXFileReference; lastKnownFileType = sourcecode.swift; path = CellContainerRobot.swift; sourceTree = "<group>"; };
		B5AE807F2285DBE10098CF95 /* DropBearGen */ = {isa = PBXFileReference; explicitFileType = "compiled.mach-o.executable"; includeInIndex = 0; path = DropBearGen; sourceTree = BUILT_PRODUCTS_DIR; };
		B5AE80812285DBE10098CF95 /* main.swift */ = {isa = PBXFileReference; lastKnownFileType = sourcecode.swift; path = main.swift; sourceTree = "<group>"; };
		B5AE80862285DC210098CF95 /* Parser.swift */ = {isa = PBXFileReference; fileEncoding = 4; lastKnownFileType = sourcecode.swift; path = Parser.swift; sourceTree = "<group>"; };
		B5AE80872285DC210098CF95 /* Generator.swift */ = {isa = PBXFileReference; fileEncoding = 4; lastKnownFileType = sourcecode.swift; path = Generator.swift; sourceTree = "<group>"; };
		B5AE80892285DC210098CF95 /* PathKit.swift */ = {isa = PBXFileReference; fileEncoding = 4; lastKnownFileType = sourcecode.swift; path = PathKit.swift; sourceTree = "<group>"; };
		B5AE808B2285DC210098CF95 /* libxmlHTMLNode.swift */ = {isa = PBXFileReference; fileEncoding = 4; lastKnownFileType = sourcecode.swift; path = libxmlHTMLNode.swift; sourceTree = "<group>"; };
		B5AE808C2285DC210098CF95 /* CSS.swift */ = {isa = PBXFileReference; fileEncoding = 4; lastKnownFileType = sourcecode.swift; path = CSS.swift; sourceTree = "<group>"; };
		B5AE808D2285DC210098CF95 /* libxmlHTMLDocument.swift */ = {isa = PBXFileReference; fileEncoding = 4; lastKnownFileType = sourcecode.swift; path = libxmlHTMLDocument.swift; sourceTree = "<group>"; };
		B5AE808E2285DC210098CF95 /* libxmlParserOption.swift */ = {isa = PBXFileReference; fileEncoding = 4; lastKnownFileType = sourcecode.swift; path = libxmlParserOption.swift; sourceTree = "<group>"; };
		B5AE80902285DC210098CF95 /* libxml2-kanna.h */ = {isa = PBXFileReference; fileEncoding = 4; lastKnownFileType = sourcecode.c.h; path = "libxml2-kanna.h"; sourceTree = "<group>"; };
		B5AE80912285DC210098CF95 /* module.modulemap */ = {isa = PBXFileReference; fileEncoding = 4; lastKnownFileType = "sourcecode.module-map"; path = module.modulemap; sourceTree = "<group>"; };
		B5AE80922285DC210098CF95 /* Kanna.swift */ = {isa = PBXFileReference; fileEncoding = 4; lastKnownFileType = sourcecode.swift; path = Kanna.swift; sourceTree = "<group>"; };
		B5AE80942285DC210098CF95 /* Kanna+Extensions.swift */ = {isa = PBXFileReference; fileEncoding = 4; lastKnownFileType = sourcecode.swift; path = "Kanna+Extensions.swift"; sourceTree = "<group>"; };
		B5AE80952285DC210098CF95 /* Array+Extensions.swift */ = {isa = PBXFileReference; fileEncoding = 4; lastKnownFileType = sourcecode.swift; path = "Array+Extensions.swift"; sourceTree = "<group>"; };
		B5AE80962285DC210098CF95 /* String+Extensions.swift */ = {isa = PBXFileReference; fileEncoding = 4; lastKnownFileType = sourcecode.swift; path = "String+Extensions.swift"; sourceTree = "<group>"; };
		B5AE80972285DC210098CF95 /* Dictionary+Extensions.swift */ = {isa = PBXFileReference; fileEncoding = 4; lastKnownFileType = sourcecode.swift; path = "Dictionary+Extensions.swift"; sourceTree = "<group>"; };
		B5AE80A82285DE6E0098CF95 /* DropBearApp.app */ = {isa = PBXFileReference; explicitFileType = wrapper.application; includeInIndex = 0; path = DropBearApp.app; sourceTree = BUILT_PRODUCTS_DIR; };
		B5AE80AA2285DE6E0098CF95 /* AppDelegate.swift */ = {isa = PBXFileReference; lastKnownFileType = sourcecode.swift; path = AppDelegate.swift; sourceTree = "<group>"; };
		B5AE80B12285DE6E0098CF95 /* Assets.xcassets */ = {isa = PBXFileReference; lastKnownFileType = folder.assetcatalog; path = Assets.xcassets; sourceTree = "<group>"; };
		B5AE80B42285DE6E0098CF95 /* Base */ = {isa = PBXFileReference; lastKnownFileType = file.storyboard; name = Base; path = Base.lproj/LaunchScreen.storyboard; sourceTree = "<group>"; };
		B5AE80B62285DE6F0098CF95 /* Info.plist */ = {isa = PBXFileReference; lastKnownFileType = text.plist.xml; path = Info.plist; sourceTree = "<group>"; };
		B5AE80BB2285DE6F0098CF95 /* DropBearAppUITests.xctest */ = {isa = PBXFileReference; explicitFileType = wrapper.cfbundle; includeInIndex = 0; path = DropBearAppUITests.xctest; sourceTree = BUILT_PRODUCTS_DIR; };
		B5AE80C12285DE6F0098CF95 /* Info.plist */ = {isa = PBXFileReference; lastKnownFileType = text.plist.xml; path = Info.plist; sourceTree = "<group>"; };
		B5AE80C92285DEB40098CF95 /* main.swift */ = {isa = PBXFileReference; fileEncoding = 4; lastKnownFileType = sourcecode.swift; path = main.swift; sourceTree = "<group>"; };
		B5AE80CA2285DEB50098CF95 /* UITestAppDelegate.swift */ = {isa = PBXFileReference; fileEncoding = 4; lastKnownFileType = sourcecode.swift; path = UITestAppDelegate.swift; sourceTree = "<group>"; };
		B5AE80CF2285DEFD0098CF95 /* TableViewCell.swift */ = {isa = PBXFileReference; fileEncoding = 4; lastKnownFileType = sourcecode.swift; path = TableViewCell.swift; sourceTree = "<group>"; };
		B5AE80D02285DEFD0098CF95 /* TableViewCell.xib */ = {isa = PBXFileReference; fileEncoding = 4; lastKnownFileType = file.xib; path = TableViewCell.xib; sourceTree = "<group>"; };
		B5AE80D12285DEFD0098CF95 /* TableViewController.swift */ = {isa = PBXFileReference; fileEncoding = 4; lastKnownFileType = sourcecode.swift; path = TableViewController.swift; sourceTree = "<group>"; };
		B5AE80D32285DEFD0098CF95 /* ScrollableStackViewController.xib */ = {isa = PBXFileReference; fileEncoding = 4; lastKnownFileType = file.xib; path = ScrollableStackViewController.xib; sourceTree = "<group>"; };
		B5AE80D42285DEFD0098CF95 /* ScrollableStackViewController.swift */ = {isa = PBXFileReference; fileEncoding = 4; lastKnownFileType = sourcecode.swift; path = ScrollableStackViewController.swift; sourceTree = "<group>"; };
		B5AE80D62285DEFD0098CF95 /* Tab2ViewController.swift */ = {isa = PBXFileReference; fileEncoding = 4; lastKnownFileType = sourcecode.swift; path = Tab2ViewController.swift; sourceTree = "<group>"; };
		B5AE80D72285DEFD0098CF95 /* Tab1ViewController.swift */ = {isa = PBXFileReference; fileEncoding = 4; lastKnownFileType = sourcecode.swift; path = Tab1ViewController.swift; sourceTree = "<group>"; };
		B5AE80D82285DEFD0098CF95 /* TabBarController.storyboard */ = {isa = PBXFileReference; fileEncoding = 4; lastKnownFileType = file.storyboard; path = TabBarController.storyboard; sourceTree = "<group>"; };
		B5AE80E12285DF500098CF95 /* Tests.swift */ = {isa = PBXFileReference; fileEncoding = 4; lastKnownFileType = sourcecode.swift; path = Tests.swift; sourceTree = "<group>"; };
		B5AE80E32285DF500098CF95 /* AccessibilityIdentifiers.swift */ = {isa = PBXFileReference; fileEncoding = 4; lastKnownFileType = sourcecode.swift; path = AccessibilityIdentifiers.swift; sourceTree = "<group>"; };
		B5AE80E52285DF500098CF95 /* ScrollableStackRobot.swift */ = {isa = PBXFileReference; fileEncoding = 4; lastKnownFileType = sourcecode.swift; path = ScrollableStackRobot.swift; sourceTree = "<group>"; };
		B5AE80E62285DF500098CF95 /* TableViewRobot.swift */ = {isa = PBXFileReference; fileEncoding = 4; lastKnownFileType = sourcecode.swift; path = TableViewRobot.swift; sourceTree = "<group>"; };
		B5AE80E72285DF500098CF95 /* TabRobots.swift */ = {isa = PBXFileReference; fileEncoding = 4; lastKnownFileType = sourcecode.swift; path = TabRobots.swift; sourceTree = "<group>"; };
		B5AE80E82285DF500098CF95 /* UITestConfig.swift */ = {isa = PBXFileReference; fileEncoding = 4; lastKnownFileType = sourcecode.swift; path = UITestConfig.swift; sourceTree = "<group>"; };
		B5AE80F42285DF990098CF95 /* DropBearSupport.framework */ = {isa = PBXFileReference; explicitFileType = wrapper.framework; includeInIndex = 0; path = DropBearSupport.framework; sourceTree = BUILT_PRODUCTS_DIR; };
		B5AE80F62285DF990098CF95 /* DropBearSupport.h */ = {isa = PBXFileReference; lastKnownFileType = sourcecode.c.h; path = DropBearSupport.h; sourceTree = "<group>"; };
		B5AE80F72285DF990098CF95 /* Info.plist */ = {isa = PBXFileReference; lastKnownFileType = text.plist.xml; path = Info.plist; sourceTree = "<group>"; };
		B5AE80FC2285DF990098CF95 /* DropBearSupportTests.xctest */ = {isa = PBXFileReference; explicitFileType = wrapper.cfbundle; includeInIndex = 0; path = DropBearSupportTests.xctest; sourceTree = BUILT_PRODUCTS_DIR; };
		B5AE81012285DF990098CF95 /* DropBearSupportTests.swift */ = {isa = PBXFileReference; lastKnownFileType = sourcecode.swift; path = DropBearSupportTests.swift; sourceTree = "<group>"; };
		B5AE81032285DF990098CF95 /* Info.plist */ = {isa = PBXFileReference; lastKnownFileType = text.plist.xml; path = Info.plist; sourceTree = "<group>"; };
		B5AE810B2285DFB80098CF95 /* DropBearSupport.swift */ = {isa = PBXFileReference; fileEncoding = 4; lastKnownFileType = sourcecode.swift; path = DropBearSupport.swift; sourceTree = "<group>"; };
/* End PBXFileReference section */

/* Begin PBXFrameworksBuildPhase section */
		32C399FC227A3092001DA20E /* Frameworks */ = {
			isa = PBXFrameworksBuildPhase;
			buildActionMask = 2147483647;
			files = (
				32C39A61227A4C51001DA20E /* DropBearSupport.framework in Frameworks */,
			);
			runOnlyForDeploymentPostprocessing = 0;
		};
		32C39A05227A3092001DA20E /* Frameworks */ = {
			isa = PBXFrameworksBuildPhase;
			buildActionMask = 2147483647;
			files = (
				32C39A09227A3092001DA20E /* DropBear.framework in Frameworks */,
			);
			runOnlyForDeploymentPostprocessing = 0;
		};
		B5AE807C2285DBE10098CF95 /* Frameworks */ = {
			isa = PBXFrameworksBuildPhase;
			buildActionMask = 2147483647;
			files = (
			);
			runOnlyForDeploymentPostprocessing = 0;
		};
		B5AE80A52285DE6E0098CF95 /* Frameworks */ = {
			isa = PBXFrameworksBuildPhase;
			buildActionMask = 2147483647;
			files = (
			);
			runOnlyForDeploymentPostprocessing = 0;
		};
		B5AE80B82285DE6F0098CF95 /* Frameworks */ = {
			isa = PBXFrameworksBuildPhase;
			buildActionMask = 2147483647;
			files = (
				B5AE810F2285E0560098CF95 /* DropBear.framework in Frameworks */,
				B5AE81102285E0560098CF95 /* DropBearSupport.framework in Frameworks */,
			);
			runOnlyForDeploymentPostprocessing = 0;
		};
		B5AE80F12285DF990098CF95 /* Frameworks */ = {
			isa = PBXFrameworksBuildPhase;
			buildActionMask = 2147483647;
			files = (
			);
			runOnlyForDeploymentPostprocessing = 0;
		};
		B5AE80F92285DF990098CF95 /* Frameworks */ = {
			isa = PBXFrameworksBuildPhase;
			buildActionMask = 2147483647;
			files = (
				B5AE80FD2285DF990098CF95 /* DropBearSupport.framework in Frameworks */,
			);
			runOnlyForDeploymentPostprocessing = 0;
		};
/* End PBXFrameworksBuildPhase section */

/* Begin PBXGroup section */
		32C399F5227A3092001DA20E = {
			isa = PBXGroup;
			children = (
				B5AE80A92285DE6E0098CF95 /* DropBearApp */,
				B5AE80BE2285DE6F0098CF95 /* DropBearAppUITests */,
				32C39A01227A3092001DA20E /* DropBear */,
				32C39A0C227A3092001DA20E /* DropBearTests */,
				B5AE80F52285DF990098CF95 /* DropBearSupport */,
				B5AE81002285DF990098CF95 /* DropBearSupportTests */,
				B5AE80802285DBE10098CF95 /* DropBearGen */,
				32C39A00227A3092001DA20E /* Products */,
				32C39A5F227A4C51001DA20E /* Frameworks */,
			);
			sourceTree = "<group>";
		};
		32C39A00227A3092001DA20E /* Products */ = {
			isa = PBXGroup;
			children = (
				32C399FF227A3092001DA20E /* DropBear.framework */,
				32C39A08227A3092001DA20E /* DropBearTests.xctest */,
				B5AE807F2285DBE10098CF95 /* DropBearGen */,
				B5AE80A82285DE6E0098CF95 /* DropBearApp.app */,
				B5AE80BB2285DE6F0098CF95 /* DropBearAppUITests.xctest */,
				B5AE80F42285DF990098CF95 /* DropBearSupport.framework */,
				B5AE80FC2285DF990098CF95 /* DropBearSupportTests.xctest */,
			);
			name = Products;
			sourceTree = "<group>";
		};
		32C39A01227A3092001DA20E /* DropBear */ = {
			isa = PBXGroup;
			children = (
				32C39B90227BA520001DA20E /* AccessibleRobot */,
				32C39B8D227BA2A5001DA20E /* Robot */,
				32C39BD0227E0376001DA20E /* Alerts */,
				32C39B97227BB2F9001DA20E /* ElementAssertions */,
				32C39A1B227A4609001DA20E /* XCTest */,
				32C39A02227A3092001DA20E /* DropBear.h */,
				32C39B9A227BB38F001DA20E /* DropBear.swift */,
				32C39BCC227D290D001DA20E /* Springboard.swift */,
				32C39BB1227BCCBB001DA20E /* UITest.swift */,
				32C39A03227A3092001DA20E /* Info.plist */,
			);
			path = DropBear;
			sourceTree = "<group>";
		};
		32C39A0C227A3092001DA20E /* DropBearTests */ = {
			isa = PBXGroup;
			children = (
				32C39A0D227A3092001DA20E /* DropBearTests.swift */,
				32C39A0F227A3092001DA20E /* Info.plist */,
			);
			path = DropBearTests;
			sourceTree = "<group>";
		};
		32C39A1B227A4609001DA20E /* XCTest */ = {
			isa = PBXGroup;
			children = (
				32C39B93227BAFD9001DA20E /* XCUIElement+Assert.swift */,
				32C39BBF227CB7BC001DA20E /* XCUIElement+ClearText.swift */,
				32C39B95227BB159001DA20E /* XCUIElement+Optional.swift */,
				32C39BA5227BBE0B001DA20E /* XCUIApplication+Configuration.swift */,
				32C39A65227A4CE5001DA20E /* XCUIApplication+Element.swift */,
				32C39BD82280A3C1001DA20E /* XCUIElement+Values.swift */,
			);
			path = XCTest;
			sourceTree = "<group>";
		};
		32C39A5F227A4C51001DA20E /* Frameworks */ = {
			isa = PBXGroup;
			children = (
				32C39A60227A4C51001DA20E /* DropBearSupport.framework */,
			);
			name = Frameworks;
			sourceTree = "<group>";
		};
		32C39B8D227BA2A5001DA20E /* Robot */ = {
			isa = PBXGroup;
			children = (
				32C39B8E227BA2BB001DA20E /* Robot.swift */,
				328A670D2284F050009C9C1D /* ContainerType.swift */,
				32C39BB5227BD5EB001DA20E /* Robot+Assert.swift */,
				32C39BBD227CB48B001DA20E /* Robot+Actions.swift */,
				32C39BA8227BC278001DA20E /* LaunchingRobot.swift */,
				32C39BAF227BC7A0001DA20E /* RunningRobot.swift */,
				32C39BE92282414A001DA20E /* TabBarControllerRobot.swift */,
				32C39BED22824A8D001DA20E /* CellContainerRobot.swift */,
			);
			path = Robot;
			sourceTree = "<group>";
		};
		32C39B90227BA520001DA20E /* AccessibleRobot */ = {
			isa = PBXGroup;
			children = (
				32C39B91227BA538001DA20E /* AccessibleRobot.swift */,
				32C39BB3227BCE0A001DA20E /* AccessibleRobot+Assert.swift */,
				32C39BC1227CD36D001DA20E /* AccessibleRobot+Actions.swift */,
				32C39BC9227CE0DE001DA20E /* ElementSet.swift */,
			);
			path = AccessibleRobot;
			sourceTree = "<group>";
		};
		32C39B97227BB2F9001DA20E /* ElementAssertions */ = {
			isa = PBXGroup;
			children = (
				32C39B98227BB30F001DA20E /* ElementAssertion.swift */,
				32C39BA3227BBD07001DA20E /* ElementAssertion+Exists.swift */,
				32C39BB7227BDA77001DA20E /* ElementAssertion+Enabled.swift */,
				32C39BB9227BDA8C001DA20E /* ElementAssertion+Equal.swift */,
				32C39BBB227BDAA2001DA20E /* ElementAssertion+Empty.swift */,
				32C39BCE227DF957001DA20E /* ElementAssertion+Contains.swift */,
			);
			path = ElementAssertions;
			sourceTree = "<group>";
		};
		32C39BD0227E0376001DA20E /* Alerts */ = {
			isa = PBXGroup;
			children = (
				32C39BD1227E0386001DA20E /* AlertRobot.swift */,
				32C39BD3227E039B001DA20E /* Alert.swift */,
				32C39BD5227E03C8001DA20E /* Alert+Presets.swift */,
			);
			path = Alerts;
			sourceTree = "<group>";
		};
		B5AE80802285DBE10098CF95 /* DropBearGen */ = {
			isa = PBXGroup;
			children = (
				B5AE80882285DC210098CF95 /* PathKit */,
				B5AE808A2285DC210098CF95 /* Kanna */,
				B5AE80932285DC210098CF95 /* Extensions */,
				B5AE80872285DC210098CF95 /* Generator.swift */,
				B5AE80862285DC210098CF95 /* Parser.swift */,
				B5AE80812285DBE10098CF95 /* main.swift */,
			);
			path = DropBearGen;
			sourceTree = "<group>";
		};
		B5AE80882285DC210098CF95 /* PathKit */ = {
			isa = PBXGroup;
			children = (
				B5AE80892285DC210098CF95 /* PathKit.swift */,
			);
			path = PathKit;
			sourceTree = "<group>";
		};
		B5AE808A2285DC210098CF95 /* Kanna */ = {
			isa = PBXGroup;
			children = (
				B5AE808F2285DC210098CF95 /* Modules */,
				B5AE808B2285DC210098CF95 /* libxmlHTMLNode.swift */,
				B5AE808C2285DC210098CF95 /* CSS.swift */,
				B5AE808D2285DC210098CF95 /* libxmlHTMLDocument.swift */,
				B5AE808E2285DC210098CF95 /* libxmlParserOption.swift */,
				B5AE80922285DC210098CF95 /* Kanna.swift */,
			);
			path = Kanna;
			sourceTree = "<group>";
		};
		B5AE808F2285DC210098CF95 /* Modules */ = {
			isa = PBXGroup;
			children = (
				B5AE80902285DC210098CF95 /* libxml2-kanna.h */,
				B5AE80912285DC210098CF95 /* module.modulemap */,
			);
			path = Modules;
			sourceTree = "<group>";
		};
		B5AE80932285DC210098CF95 /* Extensions */ = {
			isa = PBXGroup;
			children = (
				B5AE80942285DC210098CF95 /* Kanna+Extensions.swift */,
				B5AE80952285DC210098CF95 /* Array+Extensions.swift */,
				B5AE80962285DC210098CF95 /* String+Extensions.swift */,
				B5AE80972285DC210098CF95 /* Dictionary+Extensions.swift */,
			);
			path = Extensions;
			sourceTree = "<group>";
		};
		B5AE80A92285DE6E0098CF95 /* DropBearApp */ = {
			isa = PBXGroup;
			children = (
				B5AE80C82285DE850098CF95 /* Resources */,
				B5AE80CD2285DEFD0098CF95 /* Screens */,
				B5AE80AA2285DE6E0098CF95 /* AppDelegate.swift */,
				B5AE80CA2285DEB50098CF95 /* UITestAppDelegate.swift */,
				B5AE80C92285DEB40098CF95 /* main.swift */,
			);
			path = DropBearApp;
			sourceTree = "<group>";
		};
		B5AE80BE2285DE6F0098CF95 /* DropBearAppUITests */ = {
			isa = PBXGroup;
			children = (
				B5AE80E22285DF500098CF95 /* Generated */,
				B5AE80E42285DF500098CF95 /* Robots */,
				B5AE80E12285DF500098CF95 /* Tests.swift */,
				B5AE80E82285DF500098CF95 /* UITestConfig.swift */,
				B5AE80C12285DE6F0098CF95 /* Info.plist */,
			);
			path = DropBearAppUITests;
			sourceTree = "<group>";
		};
		B5AE80C82285DE850098CF95 /* Resources */ = {
			isa = PBXGroup;
			children = (
				B5AE80B12285DE6E0098CF95 /* Assets.xcassets */,
				B5AE80B32285DE6E0098CF95 /* LaunchScreen.storyboard */,
				B5AE80B62285DE6F0098CF95 /* Info.plist */,
			);
			path = Resources;
			sourceTree = "<group>";
		};
		B5AE80CD2285DEFD0098CF95 /* Screens */ = {
			isa = PBXGroup;
			children = (
				B5AE80CE2285DEFD0098CF95 /* TableView */,
				B5AE80D22285DEFD0098CF95 /* ScrollableStackView */,
				B5AE80D52285DEFD0098CF95 /* TabBarController */,
			);
			path = Screens;
			sourceTree = "<group>";
		};
		B5AE80CE2285DEFD0098CF95 /* TableView */ = {
			isa = PBXGroup;
			children = (
				B5AE80CF2285DEFD0098CF95 /* TableViewCell.swift */,
				B5AE80D02285DEFD0098CF95 /* TableViewCell.xib */,
				B5AE80D12285DEFD0098CF95 /* TableViewController.swift */,
			);
			path = TableView;
			sourceTree = "<group>";
		};
		B5AE80D22285DEFD0098CF95 /* ScrollableStackView */ = {
			isa = PBXGroup;
			children = (
				B5AE80D32285DEFD0098CF95 /* ScrollableStackViewController.xib */,
				B5AE80D42285DEFD0098CF95 /* ScrollableStackViewController.swift */,
			);
			path = ScrollableStackView;
			sourceTree = "<group>";
		};
		B5AE80D52285DEFD0098CF95 /* TabBarController */ = {
			isa = PBXGroup;
			children = (
				B5AE80D62285DEFD0098CF95 /* Tab2ViewController.swift */,
				B5AE80D72285DEFD0098CF95 /* Tab1ViewController.swift */,
				B5AE80D82285DEFD0098CF95 /* TabBarController.storyboard */,
			);
			path = TabBarController;
			sourceTree = "<group>";
		};
		B5AE80E22285DF500098CF95 /* Generated */ = {
			isa = PBXGroup;
			children = (
				B5AE80E32285DF500098CF95 /* AccessibilityIdentifiers.swift */,
			);
			path = Generated;
			sourceTree = "<group>";
		};
		B5AE80E42285DF500098CF95 /* Robots */ = {
			isa = PBXGroup;
			children = (
				B5AE80E52285DF500098CF95 /* ScrollableStackRobot.swift */,
				B5AE80E62285DF500098CF95 /* TableViewRobot.swift */,
				B5AE80E72285DF500098CF95 /* TabRobots.swift */,
			);
			path = Robots;
			sourceTree = "<group>";
		};
		B5AE80F52285DF990098CF95 /* DropBearSupport */ = {
			isa = PBXGroup;
			children = (
				B5AE810B2285DFB80098CF95 /* DropBearSupport.swift */,
				B5AE80F62285DF990098CF95 /* DropBearSupport.h */,
				B5AE80F72285DF990098CF95 /* Info.plist */,
			);
			path = DropBearSupport;
			sourceTree = "<group>";
		};
		B5AE81002285DF990098CF95 /* DropBearSupportTests */ = {
			isa = PBXGroup;
			children = (
				B5AE81012285DF990098CF95 /* DropBearSupportTests.swift */,
				B5AE81032285DF990098CF95 /* Info.plist */,
			);
			path = DropBearSupportTests;
			sourceTree = "<group>";
		};
/* End PBXGroup section */

/* Begin PBXHeadersBuildPhase section */
		32C399FA227A3092001DA20E /* Headers */ = {
			isa = PBXHeadersBuildPhase;
			buildActionMask = 2147483647;
			files = (
				32C39A10227A3092001DA20E /* DropBear.h in Headers */,
			);
			runOnlyForDeploymentPostprocessing = 0;
		};
		B5AE80EF2285DF990098CF95 /* Headers */ = {
			isa = PBXHeadersBuildPhase;
			buildActionMask = 2147483647;
			files = (
				B5AE81042285DF990098CF95 /* DropBearSupport.h in Headers */,
			);
			runOnlyForDeploymentPostprocessing = 0;
		};
/* End PBXHeadersBuildPhase section */

/* Begin PBXNativeTarget section */
		32C399FE227A3092001DA20E /* DropBear */ = {
			isa = PBXNativeTarget;
			buildConfigurationList = 32C39A13227A3092001DA20E /* Build configuration list for PBXNativeTarget "DropBear" */;
			buildPhases = (
				32C399FA227A3092001DA20E /* Headers */,
				32C399FB227A3092001DA20E /* Sources */,
				32C399FC227A3092001DA20E /* Frameworks */,
				32C399FD227A3092001DA20E /* Resources */,
			);
			buildRules = (
			);
			dependencies = (
			);
			name = DropBear;
			productName = DropBear;
			productReference = 32C399FF227A3092001DA20E /* DropBear.framework */;
			productType = "com.apple.product-type.framework";
		};
		32C39A07227A3092001DA20E /* DropBearTests */ = {
			isa = PBXNativeTarget;
			buildConfigurationList = 32C39A16227A3092001DA20E /* Build configuration list for PBXNativeTarget "DropBearTests" */;
			buildPhases = (
				32C39A04227A3092001DA20E /* Sources */,
				32C39A05227A3092001DA20E /* Frameworks */,
				32C39A06227A3092001DA20E /* Resources */,
			);
			buildRules = (
			);
			dependencies = (
				32C39A0B227A3092001DA20E /* PBXTargetDependency */,
			);
			name = DropBearTests;
			productName = DropBearTests;
			productReference = 32C39A08227A3092001DA20E /* DropBearTests.xctest */;
			productType = "com.apple.product-type.bundle.unit-test";
		};
		B5AE807E2285DBE10098CF95 /* DropBearGen */ = {
			isa = PBXNativeTarget;
			buildConfigurationList = B5AE80852285DBE10098CF95 /* Build configuration list for PBXNativeTarget "DropBearGen" */;
			buildPhases = (
				B5AE807B2285DBE10098CF95 /* Sources */,
				B5AE807C2285DBE10098CF95 /* Frameworks */,
				B5AE807D2285DBE10098CF95 /* CopyFiles */,
			);
			buildRules = (
			);
			dependencies = (
			);
			name = DropBearGen;
			productName = DropBearGen;
			productReference = B5AE807F2285DBE10098CF95 /* DropBearGen */;
			productType = "com.apple.product-type.tool";
		};
		B5AE80A72285DE6E0098CF95 /* DropBearApp */ = {
			isa = PBXNativeTarget;
			buildConfigurationList = B5AE80C22285DE6F0098CF95 /* Build configuration list for PBXNativeTarget "DropBearApp" */;
			buildPhases = (
				B5AE81112285E0680098CF95 /* [MSTRD] DropBearGen */,
				B5AE80A42285DE6E0098CF95 /* Sources */,
				B5AE80A52285DE6E0098CF95 /* Frameworks */,
				B5AE80A62285DE6E0098CF95 /* Resources */,
				B5AE81122285E2820098CF95 /* [MSTRD] Copy Frameworks */,
			);
			buildRules = (
			);
			dependencies = (
				B5AE810E2285DFC40098CF95 /* PBXTargetDependency */,
			);
			name = DropBearApp;
			productName = DropBearApp;
			productReference = B5AE80A82285DE6E0098CF95 /* DropBearApp.app */;
			productType = "com.apple.product-type.application";
		};
		B5AE80BA2285DE6F0098CF95 /* DropBearAppUITests */ = {
			isa = PBXNativeTarget;
			buildConfigurationList = B5AE80C52285DE6F0098CF95 /* Build configuration list for PBXNativeTarget "DropBearAppUITests" */;
			buildPhases = (
				B5AE80B72285DE6F0098CF95 /* Sources */,
				B5AE80B82285DE6F0098CF95 /* Frameworks */,
				B5AE80B92285DE6F0098CF95 /* Resources */,
			);
			buildRules = (
			);
			dependencies = (
				B5AE80BD2285DE6F0098CF95 /* PBXTargetDependency */,
			);
			name = DropBearAppUITests;
			productName = DropBearAppUITests;
			productReference = B5AE80BB2285DE6F0098CF95 /* DropBearAppUITests.xctest */;
			productType = "com.apple.product-type.bundle.ui-testing";
		};
		B5AE80F32285DF990098CF95 /* DropBearSupport */ = {
			isa = PBXNativeTarget;
			buildConfigurationList = B5AE81052285DF990098CF95 /* Build configuration list for PBXNativeTarget "DropBearSupport" */;
			buildPhases = (
				B5AE80EF2285DF990098CF95 /* Headers */,
				B5AE80F02285DF990098CF95 /* Sources */,
				B5AE80F12285DF990098CF95 /* Frameworks */,
				B5AE80F22285DF990098CF95 /* Resources */,
			);
			buildRules = (
			);
			dependencies = (
			);
			name = DropBearSupport;
			productName = DropBearSupport;
			productReference = B5AE80F42285DF990098CF95 /* DropBearSupport.framework */;
			productType = "com.apple.product-type.framework";
		};
		B5AE80FB2285DF990098CF95 /* DropBearSupportTests */ = {
			isa = PBXNativeTarget;
			buildConfigurationList = B5AE81082285DF990098CF95 /* Build configuration list for PBXNativeTarget "DropBearSupportTests" */;
			buildPhases = (
				B5AE80F82285DF990098CF95 /* Sources */,
				B5AE80F92285DF990098CF95 /* Frameworks */,
				B5AE80FA2285DF990098CF95 /* Resources */,
			);
			buildRules = (
			);
			dependencies = (
				B5AE80FF2285DF990098CF95 /* PBXTargetDependency */,
			);
			name = DropBearSupportTests;
			productName = DropBearSupportTests;
			productReference = B5AE80FC2285DF990098CF95 /* DropBearSupportTests.xctest */;
			productType = "com.apple.product-type.bundle.unit-test";
		};
/* End PBXNativeTarget section */

/* Begin PBXProject section */
		32C399F6227A3092001DA20E /* Project object */ = {
			isa = PBXProject;
			attributes = {
				LastSwiftUpdateCheck = 1020;
				LastUpgradeCheck = 1020;
				ORGANIZATIONNAME = Mustard;
				TargetAttributes = {
					32C399FE227A3092001DA20E = {
						CreatedOnToolsVersion = 10.2;
						LastSwiftMigration = 1020;
					};
					32C39A07227A3092001DA20E = {
						CreatedOnToolsVersion = 10.2;
					};
					B5AE807E2285DBE10098CF95 = {
						CreatedOnToolsVersion = 10.2.1;
					};
					B5AE80A72285DE6E0098CF95 = {
						CreatedOnToolsVersion = 10.2.1;
					};
					B5AE80BA2285DE6F0098CF95 = {
						CreatedOnToolsVersion = 10.2.1;
						TestTargetID = B5AE80A72285DE6E0098CF95;
					};
					B5AE80F32285DF990098CF95 = {
						CreatedOnToolsVersion = 10.2.1;
						LastSwiftMigration = 1020;
					};
					B5AE80FB2285DF990098CF95 = {
						CreatedOnToolsVersion = 10.2.1;
					};
				};
			};
			buildConfigurationList = 32C399F9227A3092001DA20E /* Build configuration list for PBXProject "DropBear" */;
			compatibilityVersion = "Xcode 9.3";
			developmentRegion = en;
			hasScannedForEncodings = 0;
			knownRegions = (
				en,
				Base,
			);
			mainGroup = 32C399F5227A3092001DA20E;
			productRefGroup = 32C39A00227A3092001DA20E /* Products */;
			projectDirPath = "";
			projectRoot = "";
			targets = (
				B5AE80A72285DE6E0098CF95 /* DropBearApp */,
				B5AE80BA2285DE6F0098CF95 /* DropBearAppUITests */,
				32C399FE227A3092001DA20E /* DropBear */,
				32C39A07227A3092001DA20E /* DropBearTests */,
				B5AE80F32285DF990098CF95 /* DropBearSupport */,
				B5AE80FB2285DF990098CF95 /* DropBearSupportTests */,
				B5AE807E2285DBE10098CF95 /* DropBearGen */,
			);
		};
/* End PBXProject section */

/* Begin PBXResourcesBuildPhase section */
		32C399FD227A3092001DA20E /* Resources */ = {
			isa = PBXResourcesBuildPhase;
			buildActionMask = 2147483647;
			files = (
			);
			runOnlyForDeploymentPostprocessing = 0;
		};
		32C39A06227A3092001DA20E /* Resources */ = {
			isa = PBXResourcesBuildPhase;
			buildActionMask = 2147483647;
			files = (
			);
			runOnlyForDeploymentPostprocessing = 0;
		};
		B5AE80A62285DE6E0098CF95 /* Resources */ = {
			isa = PBXResourcesBuildPhase;
			buildActionMask = 2147483647;
			files = (
				B5AE80B52285DE6E0098CF95 /* LaunchScreen.storyboard in Resources */,
				B5AE80DA2285DEFE0098CF95 /* TableViewCell.xib in Resources */,
				B5AE80E02285DEFE0098CF95 /* TabBarController.storyboard in Resources */,
				B5AE80DC2285DEFE0098CF95 /* ScrollableStackViewController.xib in Resources */,
				B5AE80B22285DE6E0098CF95 /* Assets.xcassets in Resources */,
			);
			runOnlyForDeploymentPostprocessing = 0;
		};
		B5AE80B92285DE6F0098CF95 /* Resources */ = {
			isa = PBXResourcesBuildPhase;
			buildActionMask = 2147483647;
			files = (
			);
			runOnlyForDeploymentPostprocessing = 0;
		};
		B5AE80F22285DF990098CF95 /* Resources */ = {
			isa = PBXResourcesBuildPhase;
			buildActionMask = 2147483647;
			files = (
			);
			runOnlyForDeploymentPostprocessing = 0;
		};
		B5AE80FA2285DF990098CF95 /* Resources */ = {
			isa = PBXResourcesBuildPhase;
			buildActionMask = 2147483647;
			files = (
			);
			runOnlyForDeploymentPostprocessing = 0;
		};
/* End PBXResourcesBuildPhase section */

/* Begin PBXShellScriptBuildPhase section */
		B5AE81112285E0680098CF95 /* [MSTRD] DropBearGen */ = {
			isa = PBXShellScriptBuildPhase;
			buildActionMask = 2147483647;
			files = (
			);
			inputFileListPaths = (
			);
			inputPaths = (
			);
			name = "[MSTRD] DropBearGen";
			outputFileListPaths = (
			);
			outputPaths = (
			);
			runOnlyForDeploymentPostprocessing = 0;
			shellPath = /bin/sh;
			shellScript = "${BUILT_PRODUCTS_DIR}/../Debug/DropBearGen ${SRCROOT}/DropBearApp ${SRCROOT}/DropBearAppUITests/Generated/AccessibilityIdentifiers.swift\n";
		};
/* End PBXShellScriptBuildPhase section */

/* Begin PBXSourcesBuildPhase section */
		32C399FB227A3092001DA20E /* Sources */ = {
			isa = PBXSourcesBuildPhase;
			buildActionMask = 2147483647;
			files = (
				32C39BB0227BC7A0001DA20E /* RunningRobot.swift in Sources */,
				32C39B92227BA538001DA20E /* AccessibleRobot.swift in Sources */,
				32C39B99227BB30F001DA20E /* ElementAssertion.swift in Sources */,
				32C39BD4227E039B001DA20E /* Alert.swift in Sources */,
				32C39BB8227BDA77001DA20E /* ElementAssertion+Enabled.swift in Sources */,
				32C39BAE227BC46F001DA20E /* LaunchingRobot.swift in Sources */,
				32C39A66227A4CE5001DA20E /* XCUIApplication+Element.swift in Sources */,
				328A670E2284F050009C9C1D /* ContainerType.swift in Sources */,
				32C39BBE227CB48B001DA20E /* Robot+Actions.swift in Sources */,
				32C39BA6227BBE0B001DA20E /* XCUIApplication+Configuration.swift in Sources */,
				32C39BC2227CD36D001DA20E /* AccessibleRobot+Actions.swift in Sources */,
				32C39BEA2282414A001DA20E /* TabBarControllerRobot.swift in Sources */,
				32C39BD92280A3C1001DA20E /* XCUIElement+Values.swift in Sources */,
				32C39BB6227BD5EB001DA20E /* Robot+Assert.swift in Sources */,
				32C39BBC227BDAA2001DA20E /* ElementAssertion+Empty.swift in Sources */,
				32C39B9B227BB38F001DA20E /* DropBear.swift in Sources */,
				32C39B8F227BA2BB001DA20E /* Robot.swift in Sources */,
				32C39BA4227BBD07001DA20E /* ElementAssertion+Exists.swift in Sources */,
				32C39BD6227E03C8001DA20E /* Alert+Presets.swift in Sources */,
				32C39BEE22824A8D001DA20E /* CellContainerRobot.swift in Sources */,
				32C39BB2227BCCBB001DA20E /* UITest.swift in Sources */,
				32C39BCA227CE0DE001DA20E /* ElementSet.swift in Sources */,
				32C39BC0227CB7BC001DA20E /* XCUIElement+ClearText.swift in Sources */,
				32C39BD2227E0386001DA20E /* AlertRobot.swift in Sources */,
				32C39BBA227BDA8C001DA20E /* ElementAssertion+Equal.swift in Sources */,
				32C39B94227BAFD9001DA20E /* XCUIElement+Assert.swift in Sources */,
				32C39B96227BB159001DA20E /* XCUIElement+Optional.swift in Sources */,
				32C39BB4227BCE0A001DA20E /* AccessibleRobot+Assert.swift in Sources */,
				32C39BCD227D290D001DA20E /* Springboard.swift in Sources */,
				32C39BCF227DF957001DA20E /* ElementAssertion+Contains.swift in Sources */,
			);
			runOnlyForDeploymentPostprocessing = 0;
		};
		32C39A04227A3092001DA20E /* Sources */ = {
			isa = PBXSourcesBuildPhase;
			buildActionMask = 2147483647;
			files = (
				32C39A0E227A3092001DA20E /* DropBearTests.swift in Sources */,
			);
			runOnlyForDeploymentPostprocessing = 0;
		};
		B5AE807B2285DBE10098CF95 /* Sources */ = {
			isa = PBXSourcesBuildPhase;
			buildActionMask = 2147483647;
			files = (
				B5AE80992285DC210098CF95 /* Generator.swift in Sources */,
				B5AE809E2285DC210098CF95 /* libxmlParserOption.swift in Sources */,
				B5AE809A2285DC210098CF95 /* PathKit.swift in Sources */,
				B5AE80A12285DC210098CF95 /* Array+Extensions.swift in Sources */,
				B5AE80A22285DC210098CF95 /* String+Extensions.swift in Sources */,
				B5AE809D2285DC210098CF95 /* libxmlHTMLDocument.swift in Sources */,
				B5AE809B2285DC210098CF95 /* libxmlHTMLNode.swift in Sources */,
				B5AE80982285DC210098CF95 /* Parser.swift in Sources */,
				B5AE80822285DBE10098CF95 /* main.swift in Sources */,
				B5AE809C2285DC210098CF95 /* CSS.swift in Sources */,
				B5AE80A32285DC210098CF95 /* Dictionary+Extensions.swift in Sources */,
				B5AE809F2285DC210098CF95 /* Kanna.swift in Sources */,
				B5AE80A02285DC210098CF95 /* Kanna+Extensions.swift in Sources */,
			);
			runOnlyForDeploymentPostprocessing = 0;
		};
		B5AE80A42285DE6E0098CF95 /* Sources */ = {
			isa = PBXSourcesBuildPhase;
			buildActionMask = 2147483647;
			files = (
				B5AE80DD2285DEFE0098CF95 /* ScrollableStackViewController.swift in Sources */,
				B5AE80CB2285DEB50098CF95 /* main.swift in Sources */,
				B5AE80DF2285DEFE0098CF95 /* Tab1ViewController.swift in Sources */,
				B5AE80D92285DEFE0098CF95 /* TableViewCell.swift in Sources */,
				B5AE80DE2285DEFE0098CF95 /* Tab2ViewController.swift in Sources */,
				B5AE80AB2285DE6E0098CF95 /* AppDelegate.swift in Sources */,
				B5AE80DB2285DEFE0098CF95 /* TableViewController.swift in Sources */,
				B5AE80CC2285DEB50098CF95 /* UITestAppDelegate.swift in Sources */,
			);
			runOnlyForDeploymentPostprocessing = 0;
		};
		B5AE80B72285DE6F0098CF95 /* Sources */ = {
			isa = PBXSourcesBuildPhase;
			buildActionMask = 2147483647;
			files = (
				B5AE80ED2285DF500098CF95 /* TabRobots.swift in Sources */,
				B5AE80EB2285DF500098CF95 /* ScrollableStackRobot.swift in Sources */,
				B5AE80EA2285DF500098CF95 /* AccessibilityIdentifiers.swift in Sources */,
				B5AE80EE2285DF500098CF95 /* UITestConfig.swift in Sources */,
				B5AE80E92285DF500098CF95 /* Tests.swift in Sources */,
				B5AE80EC2285DF500098CF95 /* TableViewRobot.swift in Sources */,
			);
			runOnlyForDeploymentPostprocessing = 0;
		};
		B5AE80F02285DF990098CF95 /* Sources */ = {
			isa = PBXSourcesBuildPhase;
			buildActionMask = 2147483647;
			files = (
				B5AE810C2285DFB80098CF95 /* DropBearSupport.swift in Sources */,
			);
			runOnlyForDeploymentPostprocessing = 0;
		};
		B5AE80F82285DF990098CF95 /* Sources */ = {
			isa = PBXSourcesBuildPhase;
			buildActionMask = 2147483647;
			files = (
				B5AE81022285DF990098CF95 /* DropBearSupportTests.swift in Sources */,
			);
			runOnlyForDeploymentPostprocessing = 0;
		};
/* End PBXSourcesBuildPhase section */

/* Begin PBXTargetDependency section */
		32C39A0B227A3092001DA20E /* PBXTargetDependency */ = {
			isa = PBXTargetDependency;
			target = 32C399FE227A3092001DA20E /* DropBear */;
			targetProxy = 32C39A0A227A3092001DA20E /* PBXContainerItemProxy */;
		};
		B5AE80BD2285DE6F0098CF95 /* PBXTargetDependency */ = {
			isa = PBXTargetDependency;
			target = B5AE80A72285DE6E0098CF95 /* DropBearApp */;
			targetProxy = B5AE80BC2285DE6F0098CF95 /* PBXContainerItemProxy */;
		};
		B5AE80FF2285DF990098CF95 /* PBXTargetDependency */ = {
			isa = PBXTargetDependency;
			target = B5AE80F32285DF990098CF95 /* DropBearSupport */;
			targetProxy = B5AE80FE2285DF990098CF95 /* PBXContainerItemProxy */;
		};
		B5AE810E2285DFC40098CF95 /* PBXTargetDependency */ = {
			isa = PBXTargetDependency;
			target = B5AE80F32285DF990098CF95 /* DropBearSupport */;
			targetProxy = B5AE810D2285DFC40098CF95 /* PBXContainerItemProxy */;
		};
/* End PBXTargetDependency section */

/* Begin PBXVariantGroup section */
		B5AE80B32285DE6E0098CF95 /* LaunchScreen.storyboard */ = {
			isa = PBXVariantGroup;
			children = (
				B5AE80B42285DE6E0098CF95 /* Base */,
			);
			name = LaunchScreen.storyboard;
			sourceTree = "<group>";
		};
/* End PBXVariantGroup section */

/* Begin XCBuildConfiguration section */
		32C39A11227A3092001DA20E /* Debug */ = {
			isa = XCBuildConfiguration;
			buildSettings = {
				ALWAYS_SEARCH_USER_PATHS = NO;
				CLANG_ANALYZER_NONNULL = YES;
				CLANG_ANALYZER_NUMBER_OBJECT_CONVERSION = YES_AGGRESSIVE;
				CLANG_CXX_LANGUAGE_STANDARD = "gnu++14";
				CLANG_CXX_LIBRARY = "libc++";
				CLANG_ENABLE_MODULES = YES;
				CLANG_ENABLE_OBJC_ARC = YES;
				CLANG_ENABLE_OBJC_WEAK = YES;
				CLANG_WARN_BLOCK_CAPTURE_AUTORELEASING = YES;
				CLANG_WARN_BOOL_CONVERSION = YES;
				CLANG_WARN_COMMA = YES;
				CLANG_WARN_CONSTANT_CONVERSION = YES;
				CLANG_WARN_DEPRECATED_OBJC_IMPLEMENTATIONS = YES;
				CLANG_WARN_DIRECT_OBJC_ISA_USAGE = YES_ERROR;
				CLANG_WARN_DOCUMENTATION_COMMENTS = YES;
				CLANG_WARN_EMPTY_BODY = YES;
				CLANG_WARN_ENUM_CONVERSION = YES;
				CLANG_WARN_INFINITE_RECURSION = YES;
				CLANG_WARN_INT_CONVERSION = YES;
				CLANG_WARN_NON_LITERAL_NULL_CONVERSION = YES;
				CLANG_WARN_OBJC_IMPLICIT_RETAIN_SELF = YES;
				CLANG_WARN_OBJC_LITERAL_CONVERSION = YES;
				CLANG_WARN_OBJC_ROOT_CLASS = YES_ERROR;
				CLANG_WARN_RANGE_LOOP_ANALYSIS = YES;
				CLANG_WARN_STRICT_PROTOTYPES = YES;
				CLANG_WARN_SUSPICIOUS_MOVE = YES;
				CLANG_WARN_UNGUARDED_AVAILABILITY = YES_AGGRESSIVE;
				CLANG_WARN_UNREACHABLE_CODE = YES;
				CLANG_WARN__DUPLICATE_METHOD_MATCH = YES;
				CODE_SIGN_IDENTITY = "iPhone Developer";
				COPY_PHASE_STRIP = NO;
				CURRENT_PROJECT_VERSION = 1;
				DEBUG_INFORMATION_FORMAT = dwarf;
				ENABLE_STRICT_OBJC_MSGSEND = YES;
				ENABLE_TESTABILITY = YES;
				GCC_C_LANGUAGE_STANDARD = gnu11;
				GCC_DYNAMIC_NO_PIC = NO;
				GCC_NO_COMMON_BLOCKS = YES;
				GCC_OPTIMIZATION_LEVEL = 0;
				GCC_PREPROCESSOR_DEFINITIONS = (
					"DEBUG=1",
					"$(inherited)",
				);
				GCC_WARN_64_TO_32_BIT_CONVERSION = YES;
				GCC_WARN_ABOUT_RETURN_TYPE = YES_ERROR;
				GCC_WARN_UNDECLARED_SELECTOR = YES;
				GCC_WARN_UNINITIALIZED_AUTOS = YES_AGGRESSIVE;
				GCC_WARN_UNUSED_FUNCTION = YES;
				GCC_WARN_UNUSED_VARIABLE = YES;
				MTL_ENABLE_DEBUG_INFO = INCLUDE_SOURCE;
				MTL_FAST_MATH = YES;
				ONLY_ACTIVE_ARCH = YES;
				SDKROOT = iphoneos;
				SWIFT_ACTIVE_COMPILATION_CONDITIONS = DEBUG;
				SWIFT_OPTIMIZATION_LEVEL = "-Onone";
				VERSIONING_SYSTEM = "apple-generic";
				VERSION_INFO_PREFIX = "";
			};
			name = Debug;
		};
		32C39A12227A3092001DA20E /* Release */ = {
			isa = XCBuildConfiguration;
			buildSettings = {
				ALWAYS_SEARCH_USER_PATHS = NO;
				CLANG_ANALYZER_NONNULL = YES;
				CLANG_ANALYZER_NUMBER_OBJECT_CONVERSION = YES_AGGRESSIVE;
				CLANG_CXX_LANGUAGE_STANDARD = "gnu++14";
				CLANG_CXX_LIBRARY = "libc++";
				CLANG_ENABLE_MODULES = YES;
				CLANG_ENABLE_OBJC_ARC = YES;
				CLANG_ENABLE_OBJC_WEAK = YES;
				CLANG_WARN_BLOCK_CAPTURE_AUTORELEASING = YES;
				CLANG_WARN_BOOL_CONVERSION = YES;
				CLANG_WARN_COMMA = YES;
				CLANG_WARN_CONSTANT_CONVERSION = YES;
				CLANG_WARN_DEPRECATED_OBJC_IMPLEMENTATIONS = YES;
				CLANG_WARN_DIRECT_OBJC_ISA_USAGE = YES_ERROR;
				CLANG_WARN_DOCUMENTATION_COMMENTS = YES;
				CLANG_WARN_EMPTY_BODY = YES;
				CLANG_WARN_ENUM_CONVERSION = YES;
				CLANG_WARN_INFINITE_RECURSION = YES;
				CLANG_WARN_INT_CONVERSION = YES;
				CLANG_WARN_NON_LITERAL_NULL_CONVERSION = YES;
				CLANG_WARN_OBJC_IMPLICIT_RETAIN_SELF = YES;
				CLANG_WARN_OBJC_LITERAL_CONVERSION = YES;
				CLANG_WARN_OBJC_ROOT_CLASS = YES_ERROR;
				CLANG_WARN_RANGE_LOOP_ANALYSIS = YES;
				CLANG_WARN_STRICT_PROTOTYPES = YES;
				CLANG_WARN_SUSPICIOUS_MOVE = YES;
				CLANG_WARN_UNGUARDED_AVAILABILITY = YES_AGGRESSIVE;
				CLANG_WARN_UNREACHABLE_CODE = YES;
				CLANG_WARN__DUPLICATE_METHOD_MATCH = YES;
				CODE_SIGN_IDENTITY = "iPhone Developer";
				COPY_PHASE_STRIP = NO;
				CURRENT_PROJECT_VERSION = 1;
				DEBUG_INFORMATION_FORMAT = "dwarf-with-dsym";
				ENABLE_NS_ASSERTIONS = NO;
				ENABLE_STRICT_OBJC_MSGSEND = YES;
				GCC_C_LANGUAGE_STANDARD = gnu11;
				GCC_NO_COMMON_BLOCKS = YES;
				GCC_WARN_64_TO_32_BIT_CONVERSION = YES;
				GCC_WARN_ABOUT_RETURN_TYPE = YES_ERROR;
				GCC_WARN_UNDECLARED_SELECTOR = YES;
				GCC_WARN_UNINITIALIZED_AUTOS = YES_AGGRESSIVE;
				GCC_WARN_UNUSED_FUNCTION = YES;
				GCC_WARN_UNUSED_VARIABLE = YES;
				MTL_ENABLE_DEBUG_INFO = NO;
				MTL_FAST_MATH = YES;
				SDKROOT = iphoneos;
				SWIFT_COMPILATION_MODE = wholemodule;
				SWIFT_OPTIMIZATION_LEVEL = "-O";
				VALIDATE_PRODUCT = YES;
				VERSIONING_SYSTEM = "apple-generic";
				VERSION_INFO_PREFIX = "";
			};
			name = Release;
		};
		32C39A14227A3092001DA20E /* Debug */ = {
			isa = XCBuildConfiguration;
			buildSettings = {
				CLANG_ENABLE_MODULES = YES;
				CODE_SIGN_IDENTITY = "iPhone Developer";
				CODE_SIGN_STYLE = Automatic;
				DEFINES_MODULE = YES;
				DEVELOPMENT_TEAM = VLYBQY25EM;
				DYLIB_COMPATIBILITY_VERSION = 1;
				DYLIB_CURRENT_VERSION = 1;
				DYLIB_INSTALL_NAME_BASE = "@rpath";
				ENABLE_BITCODE = NO;
				FRAMEWORK_SEARCH_PATHS = (
					"$(DEVELOPER_FRAMEWORKS_DIR)",
					"$(PLATFORM_DIR)/Developer/Library/Frameworks",
				);
				INFOPLIST_FILE = DropBear/Info.plist;
				INSTALL_PATH = "$(LOCAL_LIBRARY_DIR)/Frameworks";
				IPHONEOS_DEPLOYMENT_TARGET = 10.3;
				LD_RUNPATH_SEARCH_PATHS = (
					"$(inherited)",
					"@executable_path/Frameworks",
					"@loader_path/Frameworks",
				);
				OTHER_LDFLAGS = (
					"-weak_framework",
					XCTest,
				);
				PRODUCT_BUNDLE_IDENTIFIER = com.mustard.DropBear;
				PRODUCT_NAME = "$(TARGET_NAME:c99extidentifier)";
				PROVISIONING_PROFILE_SPECIFIER = "";
				SKIP_INSTALL = YES;
				SWIFT_OPTIMIZATION_LEVEL = "-Onone";
				SWIFT_VERSION = 5.0;
				TARGETED_DEVICE_FAMILY = "1,2";
			};
			name = Debug;
		};
		32C39A15227A3092001DA20E /* Release */ = {
			isa = XCBuildConfiguration;
			buildSettings = {
				CLANG_ENABLE_MODULES = YES;
				CODE_SIGN_IDENTITY = "iPhone Developer";
				CODE_SIGN_STYLE = Automatic;
				DEFINES_MODULE = YES;
				DEVELOPMENT_TEAM = VLYBQY25EM;
				DYLIB_COMPATIBILITY_VERSION = 1;
				DYLIB_CURRENT_VERSION = 1;
				DYLIB_INSTALL_NAME_BASE = "@rpath";
				ENABLE_BITCODE = NO;
				FRAMEWORK_SEARCH_PATHS = (
					"$(DEVELOPER_FRAMEWORKS_DIR)",
					"$(PLATFORM_DIR)/Developer/Library/Frameworks",
				);
				INFOPLIST_FILE = DropBear/Info.plist;
				INSTALL_PATH = "$(LOCAL_LIBRARY_DIR)/Frameworks";
				IPHONEOS_DEPLOYMENT_TARGET = 10.3;
				LD_RUNPATH_SEARCH_PATHS = (
					"$(inherited)",
					"@executable_path/Frameworks",
					"@loader_path/Frameworks",
				);
				OTHER_LDFLAGS = (
					"-weak_framework",
					XCTest,
				);
				PRODUCT_BUNDLE_IDENTIFIER = com.mustard.DropBear;
				PRODUCT_NAME = "$(TARGET_NAME:c99extidentifier)";
				PROVISIONING_PROFILE_SPECIFIER = "";
				SKIP_INSTALL = YES;
				SWIFT_VERSION = 5.0;
				TARGETED_DEVICE_FAMILY = "1,2";
			};
			name = Release;
		};
		32C39A17227A3092001DA20E /* Debug */ = {
			isa = XCBuildConfiguration;
			buildSettings = {
				ALWAYS_EMBED_SWIFT_STANDARD_LIBRARIES = YES;
				CODE_SIGN_STYLE = Automatic;
				DEVELOPMENT_TEAM = VLYBQY25EM;
				INFOPLIST_FILE = DropBearTests/Info.plist;
				LD_RUNPATH_SEARCH_PATHS = (
					"$(inherited)",
					"@executable_path/Frameworks",
					"@loader_path/Frameworks",
				);
				PRODUCT_BUNDLE_IDENTIFIER = com.mustard.DropBearTests;
				PRODUCT_NAME = "$(TARGET_NAME)";
				SWIFT_VERSION = 5.0;
				TARGETED_DEVICE_FAMILY = "1,2";
			};
			name = Debug;
		};
		32C39A18227A3092001DA20E /* Release */ = {
			isa = XCBuildConfiguration;
			buildSettings = {
				ALWAYS_EMBED_SWIFT_STANDARD_LIBRARIES = YES;
				CODE_SIGN_STYLE = Automatic;
				DEVELOPMENT_TEAM = VLYBQY25EM;
				INFOPLIST_FILE = DropBearTests/Info.plist;
				LD_RUNPATH_SEARCH_PATHS = (
					"$(inherited)",
					"@executable_path/Frameworks",
					"@loader_path/Frameworks",
				);
				PRODUCT_BUNDLE_IDENTIFIER = com.mustard.DropBearTests;
				PRODUCT_NAME = "$(TARGET_NAME)";
				SWIFT_VERSION = 5.0;
				TARGETED_DEVICE_FAMILY = "1,2";
			};
			name = Release;
		};
		B5AE80832285DBE10098CF95 /* Debug */ = {
			isa = XCBuildConfiguration;
			buildSettings = {
				CODE_SIGN_IDENTITY = "Mac Developer";
				CODE_SIGN_STYLE = Automatic;
				DEVELOPMENT_TEAM = VLYBQY25EM;
				HEADER_SEARCH_PATHS = "$(SDKROOT)/usr/include/libxml2";
				LD_RUNPATH_SEARCH_PATHS = (
					"$(inherited)",
					"@executable_path/../Frameworks",
					"@loader_path/../Frameworks",
				);
				MACOSX_DEPLOYMENT_TARGET = 10.14;
				OTHER_LDFLAGS = "-lxml2";
				PRODUCT_NAME = "$(TARGET_NAME)";
				SDKROOT = macosx;
				SWIFT_INCLUDE_PATHS = "$(SRCROOT)/DropBearGen/Kanna/Modules";
				SWIFT_VERSION = 5.0;
			};
			name = Debug;
		};
		B5AE80842285DBE10098CF95 /* Release */ = {
			isa = XCBuildConfiguration;
			buildSettings = {
				CODE_SIGN_IDENTITY = "Mac Developer";
				CODE_SIGN_STYLE = Automatic;
				DEVELOPMENT_TEAM = VLYBQY25EM;
				HEADER_SEARCH_PATHS = "$(SDKROOT)/usr/include/libxml2";
				LD_RUNPATH_SEARCH_PATHS = (
					"$(inherited)",
					"@executable_path/../Frameworks",
					"@loader_path/../Frameworks",
				);
				MACOSX_DEPLOYMENT_TARGET = 10.14;
				OTHER_LDFLAGS = "-lxml2";
				PRODUCT_NAME = "$(TARGET_NAME)";
				SDKROOT = macosx;
				SWIFT_INCLUDE_PATHS = "$(SRCROOT)/DropBearGen/Kanna/Modules";
				SWIFT_VERSION = 5.0;
			};
			name = Release;
		};
		B5AE80C32285DE6F0098CF95 /* Debug */ = {
			isa = XCBuildConfiguration;
			buildSettings = {
				ASSETCATALOG_COMPILER_APPICON_NAME = AppIcon;
				CODE_SIGN_STYLE = Automatic;
				DEVELOPMENT_TEAM = VLYBQY25EM;
				INFOPLIST_FILE = DropBearApp/Resources/Info.plist;
				IPHONEOS_DEPLOYMENT_TARGET = 12.2;
				LD_RUNPATH_SEARCH_PATHS = (
					"$(inherited)",
					"@executable_path/Frameworks",
				);
				PRODUCT_BUNDLE_IDENTIFIER = com.mustard.DropBearApp;
				PRODUCT_NAME = "$(TARGET_NAME)";
				SWIFT_VERSION = 5.0;
				TARGETED_DEVICE_FAMILY = "1,2";
			};
			name = Debug;
		};
		B5AE80C42285DE6F0098CF95 /* Release */ = {
			isa = XCBuildConfiguration;
			buildSettings = {
				ASSETCATALOG_COMPILER_APPICON_NAME = AppIcon;
				CODE_SIGN_STYLE = Automatic;
				DEVELOPMENT_TEAM = VLYBQY25EM;
				INFOPLIST_FILE = DropBearApp/Resources/Info.plist;
				IPHONEOS_DEPLOYMENT_TARGET = 12.2;
				LD_RUNPATH_SEARCH_PATHS = (
					"$(inherited)",
					"@executable_path/Frameworks",
				);
				PRODUCT_BUNDLE_IDENTIFIER = com.mustard.DropBearApp;
				PRODUCT_NAME = "$(TARGET_NAME)";
				SWIFT_VERSION = 5.0;
				TARGETED_DEVICE_FAMILY = "1,2";
			};
			name = Release;
		};
		B5AE80C62285DE6F0098CF95 /* Debug */ = {
			isa = XCBuildConfiguration;
			buildSettings = {
				ALWAYS_EMBED_SWIFT_STANDARD_LIBRARIES = YES;
				CODE_SIGN_STYLE = Automatic;
				DEVELOPMENT_TEAM = VLYBQY25EM;
				INFOPLIST_FILE = DropBearAppUITests/Info.plist;
				IPHONEOS_DEPLOYMENT_TARGET = 12.2;
				LD_RUNPATH_SEARCH_PATHS = (
					"$(inherited)",
					"@executable_path/Frameworks",
					"@loader_path/Frameworks",
				);
				PRODUCT_BUNDLE_IDENTIFIER = com.mustard.DropBearAppUITests;
				PRODUCT_NAME = "$(TARGET_NAME)";
				SWIFT_VERSION = 5.0;
				TARGETED_DEVICE_FAMILY = "1,2";
				TEST_TARGET_NAME = DropBearApp;
			};
			name = Debug;
		};
		B5AE80C72285DE6F0098CF95 /* Release */ = {
			isa = XCBuildConfiguration;
			buildSettings = {
				ALWAYS_EMBED_SWIFT_STANDARD_LIBRARIES = YES;
				CODE_SIGN_STYLE = Automatic;
				DEVELOPMENT_TEAM = VLYBQY25EM;
				INFOPLIST_FILE = DropBearAppUITests/Info.plist;
				IPHONEOS_DEPLOYMENT_TARGET = 12.2;
				LD_RUNPATH_SEARCH_PATHS = (
					"$(inherited)",
					"@executable_path/Frameworks",
					"@loader_path/Frameworks",
				);
				PRODUCT_BUNDLE_IDENTIFIER = com.mustard.DropBearAppUITests;
				PRODUCT_NAME = "$(TARGET_NAME)";
				SWIFT_VERSION = 5.0;
				TARGETED_DEVICE_FAMILY = "1,2";
				TEST_TARGET_NAME = DropBearApp;
			};
			name = Release;
		};
		B5AE81062285DF990098CF95 /* Debug */ = {
			isa = XCBuildConfiguration;
			buildSettings = {
				CLANG_ENABLE_MODULES = YES;
				CODE_SIGN_IDENTITY = "";
				CODE_SIGN_STYLE = Automatic;
				DEFINES_MODULE = YES;
				DEVELOPMENT_TEAM = VLYBQY25EM;
				DYLIB_COMPATIBILITY_VERSION = 1;
				DYLIB_CURRENT_VERSION = 1;
				DYLIB_INSTALL_NAME_BASE = "@rpath";
				INFOPLIST_FILE = DropBearSupport/Info.plist;
				INSTALL_PATH = "$(LOCAL_LIBRARY_DIR)/Frameworks";
				IPHONEOS_DEPLOYMENT_TARGET = 12.2;
				LD_RUNPATH_SEARCH_PATHS = (
					"$(inherited)",
					"@executable_path/Frameworks",
					"@loader_path/Frameworks",
				);
				PRODUCT_BUNDLE_IDENTIFIER = com.mustard.DropBearSupport;
				PRODUCT_NAME = "$(TARGET_NAME:c99extidentifier)";
				SKIP_INSTALL = YES;
				SWIFT_OPTIMIZATION_LEVEL = "-Onone";
				SWIFT_VERSION = 5.0;
				TARGETED_DEVICE_FAMILY = "1,2";
			};
			name = Debug;
		};
		B5AE81072285DF990098CF95 /* Release */ = {
			isa = XCBuildConfiguration;
			buildSettings = {
				CLANG_ENABLE_MODULES = YES;
				CODE_SIGN_IDENTITY = "";
				CODE_SIGN_STYLE = Automatic;
				DEFINES_MODULE = YES;
				DEVELOPMENT_TEAM = VLYBQY25EM;
				DYLIB_COMPATIBILITY_VERSION = 1;
				DYLIB_CURRENT_VERSION = 1;
				DYLIB_INSTALL_NAME_BASE = "@rpath";
				INFOPLIST_FILE = DropBearSupport/Info.plist;
				INSTALL_PATH = "$(LOCAL_LIBRARY_DIR)/Frameworks";
				IPHONEOS_DEPLOYMENT_TARGET = 12.2;
				LD_RUNPATH_SEARCH_PATHS = (
					"$(inherited)",
					"@executable_path/Frameworks",
					"@loader_path/Frameworks",
				);
				PRODUCT_BUNDLE_IDENTIFIER = com.mustard.DropBearSupport;
				PRODUCT_NAME = "$(TARGET_NAME:c99extidentifier)";
				SKIP_INSTALL = YES;
				SWIFT_VERSION = 5.0;
				TARGETED_DEVICE_FAMILY = "1,2";
			};
			name = Release;
		};
		B5AE81092285DF990098CF95 /* Debug */ = {
			isa = XCBuildConfiguration;
			buildSettings = {
				ALWAYS_EMBED_SWIFT_STANDARD_LIBRARIES = YES;
				CODE_SIGN_STYLE = Automatic;
				DEVELOPMENT_TEAM = VLYBQY25EM;
				INFOPLIST_FILE = DropBearSupportTests/Info.plist;
				IPHONEOS_DEPLOYMENT_TARGET = 12.2;
				LD_RUNPATH_SEARCH_PATHS = (
					"$(inherited)",
					"@executable_path/Frameworks",
					"@loader_path/Frameworks",
				);
				PRODUCT_BUNDLE_IDENTIFIER = com.mustard.DropBearSupportTests;
				PRODUCT_NAME = "$(TARGET_NAME)";
				SWIFT_VERSION = 5.0;
				TARGETED_DEVICE_FAMILY = "1,2";
			};
			name = Debug;
		};
		B5AE810A2285DF990098CF95 /* Release */ = {
			isa = XCBuildConfiguration;
			buildSettings = {
				ALWAYS_EMBED_SWIFT_STANDARD_LIBRARIES = YES;
				CODE_SIGN_STYLE = Automatic;
				DEVELOPMENT_TEAM = VLYBQY25EM;
				INFOPLIST_FILE = DropBearSupportTests/Info.plist;
				IPHONEOS_DEPLOYMENT_TARGET = 12.2;
				LD_RUNPATH_SEARCH_PATHS = (
					"$(inherited)",
					"@executable_path/Frameworks",
					"@loader_path/Frameworks",
				);
				PRODUCT_BUNDLE_IDENTIFIER = com.mustard.DropBearSupportTests;
				PRODUCT_NAME = "$(TARGET_NAME)";
				SWIFT_VERSION = 5.0;
				TARGETED_DEVICE_FAMILY = "1,2";
			};
			name = Release;
		};
/* End XCBuildConfiguration section */

/* Begin XCConfigurationList section */
		32C399F9227A3092001DA20E /* Build configuration list for PBXProject "DropBear" */ = {
			isa = XCConfigurationList;
			buildConfigurations = (
				32C39A11227A3092001DA20E /* Debug */,
				32C39A12227A3092001DA20E /* Release */,
			);
			defaultConfigurationIsVisible = 0;
			defaultConfigurationName = Release;
		};
		32C39A13227A3092001DA20E /* Build configuration list for PBXNativeTarget "DropBear" */ = {
			isa = XCConfigurationList;
			buildConfigurations = (
				32C39A14227A3092001DA20E /* Debug */,
				32C39A15227A3092001DA20E /* Release */,
			);
			defaultConfigurationIsVisible = 0;
			defaultConfigurationName = Release;
		};
		32C39A16227A3092001DA20E /* Build configuration list for PBXNativeTarget "DropBearTests" */ = {
			isa = XCConfigurationList;
			buildConfigurations = (
				32C39A17227A3092001DA20E /* Debug */,
				32C39A18227A3092001DA20E /* Release */,
			);
			defaultConfigurationIsVisible = 0;
			defaultConfigurationName = Release;
		};
		B5AE80852285DBE10098CF95 /* Build configuration list for PBXNativeTarget "DropBearGen" */ = {
			isa = XCConfigurationList;
			buildConfigurations = (
				B5AE80832285DBE10098CF95 /* Debug */,
				B5AE80842285DBE10098CF95 /* Release */,
			);
			defaultConfigurationIsVisible = 0;
			defaultConfigurationName = Release;
		};
		B5AE80C22285DE6F0098CF95 /* Build configuration list for PBXNativeTarget "DropBearApp" */ = {
			isa = XCConfigurationList;
			buildConfigurations = (
				B5AE80C32285DE6F0098CF95 /* Debug */,
				B5AE80C42285DE6F0098CF95 /* Release */,
			);
			defaultConfigurationIsVisible = 0;
			defaultConfigurationName = Release;
		};
		B5AE80C52285DE6F0098CF95 /* Build configuration list for PBXNativeTarget "DropBearAppUITests" */ = {
			isa = XCConfigurationList;
			buildConfigurations = (
				B5AE80C62285DE6F0098CF95 /* Debug */,
				B5AE80C72285DE6F0098CF95 /* Release */,
			);
			defaultConfigurationIsVisible = 0;
			defaultConfigurationName = Release;
		};
		B5AE81052285DF990098CF95 /* Build configuration list for PBXNativeTarget "DropBearSupport" */ = {
			isa = XCConfigurationList;
			buildConfigurations = (
				B5AE81062285DF990098CF95 /* Debug */,
				B5AE81072285DF990098CF95 /* Release */,
			);
			defaultConfigurationIsVisible = 0;
			defaultConfigurationName = Release;
		};
		B5AE81082285DF990098CF95 /* Build configuration list for PBXNativeTarget "DropBearSupportTests" */ = {
			isa = XCConfigurationList;
			buildConfigurations = (
				B5AE81092285DF990098CF95 /* Debug */,
				B5AE810A2285DF990098CF95 /* Release */,
			);
			defaultConfigurationIsVisible = 0;
			defaultConfigurationName = Release;
		};
/* End XCConfigurationList section */
	};
	rootObject = 32C399F6227A3092001DA20E /* Project object */;
}
